// !$*UTF8*$!
{
	archiveVersion = 1;
	classes = {
	};
	objectVersion = 55;
	objects = {

/* Begin PBXBuildFile section */
		98B599B1B1AB8D91BDBD6A33 /* Pods_GiphySearchClone.framework in Frameworks */ = {isa = PBXBuildFile; fileRef = E968CF717C9557BBCE9E472D /* Pods_GiphySearchClone.framework */; };
		B4133579285EE02E005CF5C5 /* UIImage+Extensions.swift in Sources */ = {isa = PBXBuildFile; fileRef = B4133578285EE02E005CF5C5 /* UIImage+Extensions.swift */; };
		B413357D285F4C56005CF5C5 /* GifDetailViewController.swift in Sources */ = {isa = PBXBuildFile; fileRef = B413357C285F4C56005CF5C5 /* GifDetailViewController.swift */; };
		B44AED552860386A00666A8D /* Constants.swift in Sources */ = {isa = PBXBuildFile; fileRef = B44AED542860386A00666A8D /* Constants.swift */; };
		B475F44A2860570500FE7AEF /* CoreData.xcdatamodeld in Sources */ = {isa = PBXBuildFile; fileRef = B475F4482860570500FE7AEF /* CoreData.xcdatamodeld */; };
		B4CB354F286062F2001E196D /* GifFavorite+CoreDataProperties.swift in Sources */ = {isa = PBXBuildFile; fileRef = B4CB354D286062F2001E196D /* GifFavorite+CoreDataProperties.swift */; };
		B4CB3550286062F2001E196D /* GifFavorite+CoreDataClass.swift in Sources */ = {isa = PBXBuildFile; fileRef = B4CB354E286062F2001E196D /* GifFavorite+CoreDataClass.swift */; };
		B4E70170285F70D600EACDF9 /* CollectionReusableView.swift in Sources */ = {isa = PBXBuildFile; fileRef = B4E7016F285F70D600EACDF9 /* CollectionReusableView.swift */; };
		B4E70172285F72C100EACDF9 /* CollectionReusableView.xib in Resources */ = {isa = PBXBuildFile; fileRef = B4E70171285F72C100EACDF9 /* CollectionReusableView.xib */; };
		B4E70174285F83A100EACDF9 /* UITextField+Extensions.swift in Sources */ = {isa = PBXBuildFile; fileRef = B4E70173285F83A100EACDF9 /* UITextField+Extensions.swift */; };
		B4E70178285F8E2700EACDF9 /* ImageCacheManager.swift in Sources */ = {isa = PBXBuildFile; fileRef = B4E70177285F8E2700EACDF9 /* ImageCacheManager.swift */; };
		B4EEA70C285D93AD00A327F2 /* AppDelegate.swift in Sources */ = {isa = PBXBuildFile; fileRef = B4EEA70B285D93AD00A327F2 /* AppDelegate.swift */; };
		B4EEA70E285D93AD00A327F2 /* SceneDelegate.swift in Sources */ = {isa = PBXBuildFile; fileRef = B4EEA70D285D93AD00A327F2 /* SceneDelegate.swift */; };
		B4EEA713285D93AD00A327F2 /* Main.storyboard in Resources */ = {isa = PBXBuildFile; fileRef = B4EEA711285D93AD00A327F2 /* Main.storyboard */; };
		B4EEA715285D93AE00A327F2 /* Assets.xcassets in Resources */ = {isa = PBXBuildFile; fileRef = B4EEA714285D93AE00A327F2 /* Assets.xcassets */; };
		B4EEA718285D93AE00A327F2 /* LaunchScreen.storyboard in Resources */ = {isa = PBXBuildFile; fileRef = B4EEA716285D93AE00A327F2 /* LaunchScreen.storyboard */; };
		B4EEA725285D952800A327F2 /* SearchGiphyViewController.swift in Sources */ = {isa = PBXBuildFile; fileRef = B4EEA724285D952800A327F2 /* SearchGiphyViewController.swift */; };
		B4EEA72D285DA84300A327F2 /* SearchTab.storyboard in Resources */ = {isa = PBXBuildFile; fileRef = B4EEA72C285DA84300A327F2 /* SearchTab.storyboard */; };
		B4EEA735285DD3AB00A327F2 /* SearchGifsService.swift in Sources */ = {isa = PBXBuildFile; fileRef = B4EEA734285DD3AB00A327F2 /* SearchGifsService.swift */; };
		B4EEA73B285DE3EE00A327F2 /* Gif.swift in Sources */ = {isa = PBXBuildFile; fileRef = B4EEA73A285DE3EE00A327F2 /* Gif.swift */; };
		B4EEA73D285DFA0700A327F2 /* APIResponse.swift in Sources */ = {isa = PBXBuildFile; fileRef = B4EEA73C285DFA0700A327F2 /* APIResponse.swift */; };
		B4EEA73F285DFA5E00A327F2 /* GifDataModel.swift in Sources */ = {isa = PBXBuildFile; fileRef = B4EEA73E285DFA5E00A327F2 /* GifDataModel.swift */; };
		B4EEA747285E288F00A327F2 /* CVGifCell.swift in Sources */ = {isa = PBXBuildFile; fileRef = B4EEA746285E288F00A327F2 /* CVGifCell.swift */; };
		B4EEA749285E289D00A327F2 /* CVGifCell.xib in Resources */ = {isa = PBXBuildFile; fileRef = B4EEA748285E289D00A327F2 /* CVGifCell.xib */; };
		B4EEA74E285E2CF300A327F2 /* DynamicHeightFlowLayout.swift in Sources */ = {isa = PBXBuildFile; fileRef = B4EEA74D285E2CF300A327F2 /* DynamicHeightFlowLayout.swift */; };
/* End PBXBuildFile section */

/* Begin PBXFileReference section */
		81475C313BD0E41B29A54893 /* Pods-GiphySearchClone.debug.xcconfig */ = {isa = PBXFileReference; includeInIndex = 1; lastKnownFileType = text.xcconfig; name = "Pods-GiphySearchClone.debug.xcconfig"; path = "Target Support Files/Pods-GiphySearchClone/Pods-GiphySearchClone.debug.xcconfig"; sourceTree = "<group>"; };
		B4133578285EE02E005CF5C5 /* UIImage+Extensions.swift */ = {isa = PBXFileReference; lastKnownFileType = sourcecode.swift; path = "UIImage+Extensions.swift"; sourceTree = "<group>"; };
		B413357C285F4C56005CF5C5 /* GifDetailViewController.swift */ = {isa = PBXFileReference; lastKnownFileType = sourcecode.swift; path = GifDetailViewController.swift; sourceTree = "<group>"; };
		B44AED542860386A00666A8D /* Constants.swift */ = {isa = PBXFileReference; lastKnownFileType = sourcecode.swift; path = Constants.swift; sourceTree = "<group>"; };
		B475F4492860570500FE7AEF /* CoreData.xcdatamodel */ = {isa = PBXFileReference; lastKnownFileType = wrapper.xcdatamodel; path = CoreData.xcdatamodel; sourceTree = "<group>"; };
		B4CB354D286062F2001E196D /* GifFavorite+CoreDataProperties.swift */ = {isa = PBXFileReference; fileEncoding = 4; lastKnownFileType = sourcecode.swift; path = "GifFavorite+CoreDataProperties.swift"; sourceTree = "<group>"; };
		B4CB354E286062F2001E196D /* GifFavorite+CoreDataClass.swift */ = {isa = PBXFileReference; fileEncoding = 4; lastKnownFileType = sourcecode.swift; path = "GifFavorite+CoreDataClass.swift"; sourceTree = "<group>"; };
		B4E7016F285F70D600EACDF9 /* CollectionReusableView.swift */ = {isa = PBXFileReference; lastKnownFileType = sourcecode.swift; path = CollectionReusableView.swift; sourceTree = "<group>"; };
		B4E70171285F72C100EACDF9 /* CollectionReusableView.xib */ = {isa = PBXFileReference; lastKnownFileType = file.xib; path = CollectionReusableView.xib; sourceTree = "<group>"; };
		B4E70173285F83A100EACDF9 /* UITextField+Extensions.swift */ = {isa = PBXFileReference; lastKnownFileType = sourcecode.swift; path = "UITextField+Extensions.swift"; sourceTree = "<group>"; };
		B4E70177285F8E2700EACDF9 /* ImageCacheManager.swift */ = {isa = PBXFileReference; lastKnownFileType = sourcecode.swift; path = ImageCacheManager.swift; sourceTree = "<group>"; };
		B4EEA708285D93AD00A327F2 /* GiphySearchClone.app */ = {isa = PBXFileReference; explicitFileType = wrapper.application; includeInIndex = 0; path = GiphySearchClone.app; sourceTree = BUILT_PRODUCTS_DIR; };
		B4EEA70B285D93AD00A327F2 /* AppDelegate.swift */ = {isa = PBXFileReference; lastKnownFileType = sourcecode.swift; path = AppDelegate.swift; sourceTree = "<group>"; };
		B4EEA70D285D93AD00A327F2 /* SceneDelegate.swift */ = {isa = PBXFileReference; lastKnownFileType = sourcecode.swift; path = SceneDelegate.swift; sourceTree = "<group>"; };
		B4EEA712285D93AD00A327F2 /* Base */ = {isa = PBXFileReference; lastKnownFileType = file.storyboard; name = Base; path = Base.lproj/Main.storyboard; sourceTree = "<group>"; };
		B4EEA714285D93AE00A327F2 /* Assets.xcassets */ = {isa = PBXFileReference; lastKnownFileType = folder.assetcatalog; path = Assets.xcassets; sourceTree = "<group>"; };
		B4EEA717285D93AE00A327F2 /* Base */ = {isa = PBXFileReference; lastKnownFileType = file.storyboard; name = Base; path = Base.lproj/LaunchScreen.storyboard; sourceTree = "<group>"; };
		B4EEA719285D93AE00A327F2 /* Info.plist */ = {isa = PBXFileReference; lastKnownFileType = text.plist.xml; path = Info.plist; sourceTree = "<group>"; };
		B4EEA724285D952800A327F2 /* SearchGiphyViewController.swift */ = {isa = PBXFileReference; lastKnownFileType = sourcecode.swift; path = SearchGiphyViewController.swift; sourceTree = "<group>"; };
		B4EEA72C285DA84300A327F2 /* SearchTab.storyboard */ = {isa = PBXFileReference; lastKnownFileType = file.storyboard; path = SearchTab.storyboard; sourceTree = "<group>"; };
		B4EEA734285DD3AB00A327F2 /* SearchGifsService.swift */ = {isa = PBXFileReference; lastKnownFileType = sourcecode.swift; path = SearchGifsService.swift; sourceTree = "<group>"; };
		B4EEA73A285DE3EE00A327F2 /* Gif.swift */ = {isa = PBXFileReference; lastKnownFileType = sourcecode.swift; path = Gif.swift; sourceTree = "<group>"; };
		B4EEA73C285DFA0700A327F2 /* APIResponse.swift */ = {isa = PBXFileReference; lastKnownFileType = sourcecode.swift; path = APIResponse.swift; sourceTree = "<group>"; };
		B4EEA73E285DFA5E00A327F2 /* GifDataModel.swift */ = {isa = PBXFileReference; lastKnownFileType = sourcecode.swift; path = GifDataModel.swift; sourceTree = "<group>"; };
		B4EEA746285E288F00A327F2 /* CVGifCell.swift */ = {isa = PBXFileReference; lastKnownFileType = sourcecode.swift; path = CVGifCell.swift; sourceTree = "<group>"; };
		B4EEA748285E289D00A327F2 /* CVGifCell.xib */ = {isa = PBXFileReference; lastKnownFileType = file.xib; path = CVGifCell.xib; sourceTree = "<group>"; };
		B4EEA74D285E2CF300A327F2 /* DynamicHeightFlowLayout.swift */ = {isa = PBXFileReference; lastKnownFileType = sourcecode.swift; path = DynamicHeightFlowLayout.swift; sourceTree = "<group>"; };
		E968CF717C9557BBCE9E472D /* Pods_GiphySearchClone.framework */ = {isa = PBXFileReference; explicitFileType = wrapper.framework; includeInIndex = 0; path = Pods_GiphySearchClone.framework; sourceTree = BUILT_PRODUCTS_DIR; };
		F5FF432C0194A145D5FD6DA8 /* Pods-GiphySearchClone.release.xcconfig */ = {isa = PBXFileReference; includeInIndex = 1; lastKnownFileType = text.xcconfig; name = "Pods-GiphySearchClone.release.xcconfig"; path = "Target Support Files/Pods-GiphySearchClone/Pods-GiphySearchClone.release.xcconfig"; sourceTree = "<group>"; };
/* End PBXFileReference section */

/* Begin PBXFrameworksBuildPhase section */
		B4EEA705285D93AD00A327F2 /* Frameworks */ = {
			isa = PBXFrameworksBuildPhase;
			buildActionMask = 2147483647;
			files = (
				98B599B1B1AB8D91BDBD6A33 /* Pods_GiphySearchClone.framework in Frameworks */,
			);
			runOnlyForDeploymentPostprocessing = 0;
		};
/* End PBXFrameworksBuildPhase section */

/* Begin PBXGroup section */
		2EDE0EF23171BC7600EBD39E /* Pods */ = {
			isa = PBXGroup;
			children = (
				81475C313BD0E41B29A54893 /* Pods-GiphySearchClone.debug.xcconfig */,
				F5FF432C0194A145D5FD6DA8 /* Pods-GiphySearchClone.release.xcconfig */,
			);
			path = Pods;
			sourceTree = "<group>";
		};
		B44AED532860384200666A8D /* Constants */ = {
			isa = PBXGroup;
			children = (
				B44AED542860386A00666A8D /* Constants.swift */,
			);
			path = Constants;
			sourceTree = "<group>";
		};
		B44AED56286038CA00666A8D /* Views */ = {
			isa = PBXGroup;
			children = (
				B4E70171285F72C100EACDF9 /* CollectionReusableView.xib */,
				B4E7016F285F70D600EACDF9 /* CollectionReusableView.swift */,
			);
			path = Views;
			sourceTree = "<group>";
		};
		B4EEA6FF285D93AD00A327F2 = {
			isa = PBXGroup;
			children = (
				B4EEA70A285D93AD00A327F2 /* GiphySearchClone */,
				B4EEA709285D93AD00A327F2 /* Products */,
				2EDE0EF23171BC7600EBD39E /* Pods */,
				B5D4B4F5D32AA9DA793B9BF5 /* Frameworks */,
			);
			sourceTree = "<group>";
		};
		B4EEA709285D93AD00A327F2 /* Products */ = {
			isa = PBXGroup;
			children = (
				B4EEA708285D93AD00A327F2 /* GiphySearchClone.app */,
			);
			name = Products;
			sourceTree = "<group>";
		};
		B4EEA70A285D93AD00A327F2 /* GiphySearchClone */ = {
			isa = PBXGroup;
			children = (
				B44AED532860384200666A8D /* Constants */,
				B4EEA74A285E2C5900A327F2 /* Extensions */,
				B4EEA721285D940F00A327F2 /* Sources */,
				B4EEA720285D940800A327F2 /* Application */,
				B4EEA71F285D93FF00A327F2 /* Resources */,
				B4EEA719285D93AE00A327F2 /* Info.plist */,
			);
			path = GiphySearchClone;
			sourceTree = "<group>";
		};
		B4EEA71F285D93FF00A327F2 /* Resources */ = {
			isa = PBXGroup;
			children = (
				B4EEA711285D93AD00A327F2 /* Main.storyboard */,
				B4EEA714285D93AE00A327F2 /* Assets.xcassets */,
				B4EEA716285D93AE00A327F2 /* LaunchScreen.storyboard */,
				B475F4482860570500FE7AEF /* CoreData.xcdatamodeld */,
				B4CB354E286062F2001E196D /* GifFavorite+CoreDataClass.swift */,
				B4CB354D286062F2001E196D /* GifFavorite+CoreDataProperties.swift */,
			);
			path = Resources;
			sourceTree = "<group>";
		};
		B4EEA720285D940800A327F2 /* Application */ = {
			isa = PBXGroup;
			children = (
				B4EEA70B285D93AD00A327F2 /* AppDelegate.swift */,
				B4EEA70D285D93AD00A327F2 /* SceneDelegate.swift */,
			);
			path = Application;
			sourceTree = "<group>";
		};
		B4EEA721285D940F00A327F2 /* Sources */ = {
			isa = PBXGroup;
			children = (
				B4EEA72F285DD22000A327F2 /* Service */,
				B4EEA723285D941E00A327F2 /* Models */,
				B4EEA722285D941500A327F2 /* Presentation */,
			);
			path = Sources;
			sourceTree = "<group>";
		};
		B4EEA722285D941500A327F2 /* Presentation */ = {
			isa = PBXGroup;
			children = (
				B4EEA726285DA6B200A327F2 /* SearchTab */,
			);
			path = Presentation;
			sourceTree = "<group>";
		};
		B4EEA723285D941E00A327F2 /* Models */ = {
			isa = PBXGroup;
			children = (
				B4EEA73A285DE3EE00A327F2 /* Gif.swift */,
				B4EEA73C285DFA0700A327F2 /* APIResponse.swift */,
				B4EEA73E285DFA5E00A327F2 /* GifDataModel.swift */,
			);
			path = Models;
			sourceTree = "<group>";
		};
		B4EEA726285DA6B200A327F2 /* SearchTab */ = {
			isa = PBXGroup;
			children = (
				B4EEA72C285DA84300A327F2 /* SearchTab.storyboard */,
				B4EEA72E285DABA200A327F2 /* Search */,
			);
			path = SearchTab;
			sourceTree = "<group>";
		};
		B4EEA72E285DABA200A327F2 /* Search */ = {
			isa = PBXGroup;
			children = (
				B44AED56286038CA00666A8D /* Views */,
				B4EEA74C285E2CC100A327F2 /* ViewControllers */,
				B4EEA74B285E2CB800A327F2 /* Cells */,
			);
			path = Search;
			sourceTree = "<group>";
		};
		B4EEA72F285DD22000A327F2 /* Service */ = {
			isa = PBXGroup;
			children = (
				B4EEA734285DD3AB00A327F2 /* SearchGifsService.swift */,
			);
			path = Service;
			sourceTree = "<group>";
		};
		B4EEA74A285E2C5900A327F2 /* Extensions */ = {
			isa = PBXGroup;
			children = (
				B4133578285EE02E005CF5C5 /* UIImage+Extensions.swift */,
				B4EEA74D285E2CF300A327F2 /* DynamicHeightFlowLayout.swift */,
				B4E70173285F83A100EACDF9 /* UITextField+Extensions.swift */,
				B4E70177285F8E2700EACDF9 /* ImageCacheManager.swift */,
			);
			path = Extensions;
			sourceTree = "<group>";
		};
		B4EEA74B285E2CB800A327F2 /* Cells */ = {
			isa = PBXGroup;
			children = (
				B4EEA746285E288F00A327F2 /* CVGifCell.swift */,
				B4EEA748285E289D00A327F2 /* CVGifCell.xib */,
			);
			path = Cells;
			sourceTree = "<group>";
		};
		B4EEA74C285E2CC100A327F2 /* ViewControllers */ = {
			isa = PBXGroup;
			children = (
				B4EEA724285D952800A327F2 /* SearchGiphyViewController.swift */,
				B413357C285F4C56005CF5C5 /* GifDetailViewController.swift */,
			);
			path = ViewControllers;
			sourceTree = "<group>";
		};
		B5D4B4F5D32AA9DA793B9BF5 /* Frameworks */ = {
			isa = PBXGroup;
			children = (
				E968CF717C9557BBCE9E472D /* Pods_GiphySearchClone.framework */,
			);
			name = Frameworks;
			sourceTree = "<group>";
		};
/* End PBXGroup section */

/* Begin PBXNativeTarget section */
		B4EEA707285D93AD00A327F2 /* GiphySearchClone */ = {
			isa = PBXNativeTarget;
			buildConfigurationList = B4EEA71C285D93AE00A327F2 /* Build configuration list for PBXNativeTarget "GiphySearchClone" */;
			buildPhases = (
				9647732F735C26C723809A02 /* [CP] Check Pods Manifest.lock */,
				B4EEA704285D93AD00A327F2 /* Sources */,
				B4EEA705285D93AD00A327F2 /* Frameworks */,
				B4EEA706285D93AD00A327F2 /* Resources */,
				708016EFAFE1A8EEE2C30479 /* [CP] Embed Pods Frameworks */,
			);
			buildRules = (
			);
			dependencies = (
			);
			name = GiphySearchClone;
			productName = GiphySearchClone;
			productReference = B4EEA708285D93AD00A327F2 /* GiphySearchClone.app */;
			productType = "com.apple.product-type.application";
		};
/* End PBXNativeTarget section */

/* Begin PBXProject section */
		B4EEA700285D93AD00A327F2 /* Project object */ = {
			isa = PBXProject;
			attributes = {
				BuildIndependentTargetsInParallel = 1;
				LastSwiftUpdateCheck = 1330;
				LastUpgradeCheck = 1330;
				TargetAttributes = {
					B4EEA707285D93AD00A327F2 = {
						CreatedOnToolsVersion = 13.3.1;
					};
				};
			};
			buildConfigurationList = B4EEA703285D93AD00A327F2 /* Build configuration list for PBXProject "GiphySearchClone" */;
			compatibilityVersion = "Xcode 13.0";
			developmentRegion = en;
			hasScannedForEncodings = 0;
			knownRegions = (
				en,
				Base,
			);
			mainGroup = B4EEA6FF285D93AD00A327F2;
			productRefGroup = B4EEA709285D93AD00A327F2 /* Products */;
			projectDirPath = "";
			projectRoot = "";
			targets = (
				B4EEA707285D93AD00A327F2 /* GiphySearchClone */,
			);
		};
/* End PBXProject section */

/* Begin PBXResourcesBuildPhase section */
		B4EEA706285D93AD00A327F2 /* Resources */ = {
			isa = PBXResourcesBuildPhase;
			buildActionMask = 2147483647;
			files = (
				B4EEA72D285DA84300A327F2 /* SearchTab.storyboard in Resources */,
				B4E70172285F72C100EACDF9 /* CollectionReusableView.xib in Resources */,
				B4EEA749285E289D00A327F2 /* CVGifCell.xib in Resources */,
				B4EEA718285D93AE00A327F2 /* LaunchScreen.storyboard in Resources */,
				B4EEA715285D93AE00A327F2 /* Assets.xcassets in Resources */,
				B4EEA713285D93AD00A327F2 /* Main.storyboard in Resources */,
			);
			runOnlyForDeploymentPostprocessing = 0;
		};
/* End PBXResourcesBuildPhase section */

/* Begin PBXShellScriptBuildPhase section */
		708016EFAFE1A8EEE2C30479 /* [CP] Embed Pods Frameworks */ = {
			isa = PBXShellScriptBuildPhase;
			buildActionMask = 2147483647;
			files = (
			);
			inputFileListPaths = (
				"${PODS_ROOT}/Target Support Files/Pods-GiphySearchClone/Pods-GiphySearchClone-frameworks-${CONFIGURATION}-input-files.xcfilelist",
			);
			name = "[CP] Embed Pods Frameworks";
			outputFileListPaths = (
				"${PODS_ROOT}/Target Support Files/Pods-GiphySearchClone/Pods-GiphySearchClone-frameworks-${CONFIGURATION}-output-files.xcfilelist",
			);
			runOnlyForDeploymentPostprocessing = 0;
			shellPath = /bin/sh;
			shellScript = "\"${PODS_ROOT}/Target Support Files/Pods-GiphySearchClone/Pods-GiphySearchClone-frameworks.sh\"\n";
			showEnvVarsInLog = 0;
		};
		9647732F735C26C723809A02 /* [CP] Check Pods Manifest.lock */ = {
			isa = PBXShellScriptBuildPhase;
			buildActionMask = 2147483647;
			files = (
			);
			inputFileListPaths = (
			);
			inputPaths = (
				"${PODS_PODFILE_DIR_PATH}/Podfile.lock",
				"${PODS_ROOT}/Manifest.lock",
			);
			name = "[CP] Check Pods Manifest.lock";
			outputFileListPaths = (
			);
			outputPaths = (
				"$(DERIVED_FILE_DIR)/Pods-GiphySearchClone-checkManifestLockResult.txt",
			);
			runOnlyForDeploymentPostprocessing = 0;
			shellPath = /bin/sh;
			shellScript = "diff \"${PODS_PODFILE_DIR_PATH}/Podfile.lock\" \"${PODS_ROOT}/Manifest.lock\" > /dev/null\nif [ $? != 0 ] ; then\n    # print error to STDERR\n    echo \"error: The sandbox is not in sync with the Podfile.lock. Run 'pod install' or update your CocoaPods installation.\" >&2\n    exit 1\nfi\n# This output is used by Xcode 'outputs' to avoid re-running this script phase.\necho \"SUCCESS\" > \"${SCRIPT_OUTPUT_FILE_0}\"\n";
			showEnvVarsInLog = 0;
		};
/* End PBXShellScriptBuildPhase section */

/* Begin PBXSourcesBuildPhase section */
		B4EEA704285D93AD00A327F2 /* Sources */ = {
			isa = PBXSourcesBuildPhase;
			buildActionMask = 2147483647;
			files = (
				B475F44A2860570500FE7AEF /* CoreData.xcdatamodeld in Sources */,
				B4CB3550286062F2001E196D /* GifFavorite+CoreDataClass.swift in Sources */,
				B4EEA725285D952800A327F2 /* SearchGiphyViewController.swift in Sources */,
				B4EEA73B285DE3EE00A327F2 /* Gif.swift in Sources */,
				B4E70178285F8E2700EACDF9 /* ImageCacheManager.swift in Sources */,
				B4E70170285F70D600EACDF9 /* CollectionReusableView.swift in Sources */,
				B4133579285EE02E005CF5C5 /* UIImage+Extensions.swift in Sources */,
				B4CB354F286062F2001E196D /* GifFavorite+CoreDataProperties.swift in Sources */,
				B44AED552860386A00666A8D /* Constants.swift in Sources */,
				B4EEA747285E288F00A327F2 /* CVGifCell.swift in Sources */,
				B4EEA74E285E2CF300A327F2 /* DynamicHeightFlowLayout.swift in Sources */,
				B4EEA70C285D93AD00A327F2 /* AppDelegate.swift in Sources */,
				B4E70174285F83A100EACDF9 /* UITextField+Extensions.swift in Sources */,
				B4EEA73D285DFA0700A327F2 /* APIResponse.swift in Sources */,
				B4EEA70E285D93AD00A327F2 /* SceneDelegate.swift in Sources */,
				B4EEA73F285DFA5E00A327F2 /* GifDataModel.swift in Sources */,
				B413357D285F4C56005CF5C5 /* GifDetailViewController.swift in Sources */,
				B4EEA735285DD3AB00A327F2 /* SearchGifsService.swift in Sources */,
			);
			runOnlyForDeploymentPostprocessing = 0;
		};
/* End PBXSourcesBuildPhase section */

/* Begin PBXVariantGroup section */
		B4EEA711285D93AD00A327F2 /* Main.storyboard */ = {
			isa = PBXVariantGroup;
			children = (
				B4EEA712285D93AD00A327F2 /* Base */,
			);
			name = Main.storyboard;
			sourceTree = "<group>";
		};
		B4EEA716285D93AE00A327F2 /* LaunchScreen.storyboard */ = {
			isa = PBXVariantGroup;
			children = (
				B4EEA717285D93AE00A327F2 /* Base */,
			);
			name = LaunchScreen.storyboard;
			sourceTree = "<group>";
		};
/* End PBXVariantGroup section */

/* Begin XCBuildConfiguration section */
		B4EEA71A285D93AE00A327F2 /* Debug */ = {
			isa = XCBuildConfiguration;
			buildSettings = {
				ALWAYS_SEARCH_USER_PATHS = NO;
				CLANG_ANALYZER_NONNULL = YES;
				CLANG_ANALYZER_NUMBER_OBJECT_CONVERSION = YES_AGGRESSIVE;
				CLANG_CXX_LANGUAGE_STANDARD = "gnu++17";
				CLANG_ENABLE_MODULES = YES;
				CLANG_ENABLE_OBJC_ARC = YES;
				CLANG_ENABLE_OBJC_WEAK = YES;
				CLANG_WARN_BLOCK_CAPTURE_AUTORELEASING = YES;
				CLANG_WARN_BOOL_CONVERSION = YES;
				CLANG_WARN_COMMA = YES;
				CLANG_WARN_CONSTANT_CONVERSION = YES;
				CLANG_WARN_DEPRECATED_OBJC_IMPLEMENTATIONS = YES;
				CLANG_WARN_DIRECT_OBJC_ISA_USAGE = YES_ERROR;
				CLANG_WARN_DOCUMENTATION_COMMENTS = YES;
				CLANG_WARN_EMPTY_BODY = YES;
				CLANG_WARN_ENUM_CONVERSION = YES;
				CLANG_WARN_INFINITE_RECURSION = YES;
				CLANG_WARN_INT_CONVERSION = YES;
				CLANG_WARN_NON_LITERAL_NULL_CONVERSION = YES;
				CLANG_WARN_OBJC_IMPLICIT_RETAIN_SELF = YES;
				CLANG_WARN_OBJC_LITERAL_CONVERSION = YES;
				CLANG_WARN_OBJC_ROOT_CLASS = YES_ERROR;
				CLANG_WARN_QUOTED_INCLUDE_IN_FRAMEWORK_HEADER = YES;
				CLANG_WARN_RANGE_LOOP_ANALYSIS = YES;
				CLANG_WARN_STRICT_PROTOTYPES = YES;
				CLANG_WARN_SUSPICIOUS_MOVE = YES;
				CLANG_WARN_UNGUARDED_AVAILABILITY = YES_AGGRESSIVE;
				CLANG_WARN_UNREACHABLE_CODE = YES;
				CLANG_WARN__DUPLICATE_METHOD_MATCH = YES;
				COPY_PHASE_STRIP = NO;
				DEBUG_INFORMATION_FORMAT = dwarf;
				ENABLE_STRICT_OBJC_MSGSEND = YES;
				ENABLE_TESTABILITY = YES;
				GCC_C_LANGUAGE_STANDARD = gnu11;
				GCC_DYNAMIC_NO_PIC = NO;
				GCC_NO_COMMON_BLOCKS = YES;
				GCC_OPTIMIZATION_LEVEL = 0;
				GCC_PREPROCESSOR_DEFINITIONS = (
					"DEBUG=1",
					"$(inherited)",
				);
				GCC_WARN_64_TO_32_BIT_CONVERSION = YES;
				GCC_WARN_ABOUT_RETURN_TYPE = YES_ERROR;
				GCC_WARN_UNDECLARED_SELECTOR = YES;
				GCC_WARN_UNINITIALIZED_AUTOS = YES_AGGRESSIVE;
				GCC_WARN_UNUSED_FUNCTION = YES;
				GCC_WARN_UNUSED_VARIABLE = YES;
				IPHONEOS_DEPLOYMENT_TARGET = 15.4;
				MTL_ENABLE_DEBUG_INFO = INCLUDE_SOURCE;
				MTL_FAST_MATH = YES;
				ONLY_ACTIVE_ARCH = YES;
				SDKROOT = iphoneos;
				SWIFT_ACTIVE_COMPILATION_CONDITIONS = DEBUG;
				SWIFT_OPTIMIZATION_LEVEL = "-Onone";
			};
			name = Debug;
		};
		B4EEA71B285D93AE00A327F2 /* Release */ = {
			isa = XCBuildConfiguration;
			buildSettings = {
				ALWAYS_SEARCH_USER_PATHS = NO;
				CLANG_ANALYZER_NONNULL = YES;
				CLANG_ANALYZER_NUMBER_OBJECT_CONVERSION = YES_AGGRESSIVE;
				CLANG_CXX_LANGUAGE_STANDARD = "gnu++17";
				CLANG_ENABLE_MODULES = YES;
				CLANG_ENABLE_OBJC_ARC = YES;
				CLANG_ENABLE_OBJC_WEAK = YES;
				CLANG_WARN_BLOCK_CAPTURE_AUTORELEASING = YES;
				CLANG_WARN_BOOL_CONVERSION = YES;
				CLANG_WARN_COMMA = YES;
				CLANG_WARN_CONSTANT_CONVERSION = YES;
				CLANG_WARN_DEPRECATED_OBJC_IMPLEMENTATIONS = YES;
				CLANG_WARN_DIRECT_OBJC_ISA_USAGE = YES_ERROR;
				CLANG_WARN_DOCUMENTATION_COMMENTS = YES;
				CLANG_WARN_EMPTY_BODY = YES;
				CLANG_WARN_ENUM_CONVERSION = YES;
				CLANG_WARN_INFINITE_RECURSION = YES;
				CLANG_WARN_INT_CONVERSION = YES;
				CLANG_WARN_NON_LITERAL_NULL_CONVERSION = YES;
				CLANG_WARN_OBJC_IMPLICIT_RETAIN_SELF = YES;
				CLANG_WARN_OBJC_LITERAL_CONVERSION = YES;
				CLANG_WARN_OBJC_ROOT_CLASS = YES_ERROR;
				CLANG_WARN_QUOTED_INCLUDE_IN_FRAMEWORK_HEADER = YES;
				CLANG_WARN_RANGE_LOOP_ANALYSIS = YES;
				CLANG_WARN_STRICT_PROTOTYPES = YES;
				CLANG_WARN_SUSPICIOUS_MOVE = YES;
				CLANG_WARN_UNGUARDED_AVAILABILITY = YES_AGGRESSIVE;
				CLANG_WARN_UNREACHABLE_CODE = YES;
				CLANG_WARN__DUPLICATE_METHOD_MATCH = YES;
				COPY_PHASE_STRIP = NO;
				DEBUG_INFORMATION_FORMAT = "dwarf-with-dsym";
				ENABLE_NS_ASSERTIONS = NO;
				ENABLE_STRICT_OBJC_MSGSEND = YES;
				GCC_C_LANGUAGE_STANDARD = gnu11;
				GCC_NO_COMMON_BLOCKS = YES;
				GCC_WARN_64_TO_32_BIT_CONVERSION = YES;
				GCC_WARN_ABOUT_RETURN_TYPE = YES_ERROR;
				GCC_WARN_UNDECLARED_SELECTOR = YES;
				GCC_WARN_UNINITIALIZED_AUTOS = YES_AGGRESSIVE;
				GCC_WARN_UNUSED_FUNCTION = YES;
				GCC_WARN_UNUSED_VARIABLE = YES;
				IPHONEOS_DEPLOYMENT_TARGET = 15.4;
				MTL_ENABLE_DEBUG_INFO = NO;
				MTL_FAST_MATH = YES;
				SDKROOT = iphoneos;
				SWIFT_COMPILATION_MODE = wholemodule;
				SWIFT_OPTIMIZATION_LEVEL = "-O";
				VALIDATE_PRODUCT = YES;
			};
			name = Release;
		};
		B4EEA71D285D93AE00A327F2 /* Debug */ = {
			isa = XCBuildConfiguration;
			baseConfigurationReference = 81475C313BD0E41B29A54893 /* Pods-GiphySearchClone.debug.xcconfig */;
			buildSettings = {
				ASSETCATALOG_COMPILER_APPICON_NAME = AppIcon;
				ASSETCATALOG_COMPILER_GLOBAL_ACCENT_COLOR_NAME = AccentColor;
				CODE_SIGN_STYLE = Automatic;
				CURRENT_PROJECT_VERSION = 1;
				DEVELOPMENT_TEAM = 576SB3DYM5;
				GENERATE_INFOPLIST_FILE = YES;
				INFOPLIST_FILE = GiphySearchClone/Info.plist;
				INFOPLIST_KEY_UIApplicationSupportsIndirectInputEvents = YES;
				INFOPLIST_KEY_UILaunchStoryboardName = LaunchScreen;
				INFOPLIST_KEY_UIMainStoryboardFile = Main;
				INFOPLIST_KEY_UISupportedInterfaceOrientations = UIInterfaceOrientationPortrait;
				INFOPLIST_KEY_UISupportedInterfaceOrientations_iPad = "UIInterfaceOrientationPortrait UIInterfaceOrientationPortraitUpsideDown UIInterfaceOrientationLandscapeLeft UIInterfaceOrientationLandscapeRight";
				INFOPLIST_KEY_UISupportedInterfaceOrientations_iPhone = "UIInterfaceOrientationPortrait UIInterfaceOrientationLandscapeLeft UIInterfaceOrientationLandscapeRight";
				IPHONEOS_DEPLOYMENT_TARGET = 13.0;
				LD_RUNPATH_SEARCH_PATHS = (
					"$(inherited)",
					"@executable_path/Frameworks",
				);
				MARKETING_VERSION = 1.0;
				PRODUCT_BUNDLE_IDENTIFIER = shin.GiphySearchClone;
				PRODUCT_NAME = "$(TARGET_NAME)";
				SWIFT_EMIT_LOC_STRINGS = YES;
				SWIFT_VERSION = 5.0;
				TARGETED_DEVICE_FAMILY = "1,2";
			};
			name = Debug;
		};
		B4EEA71E285D93AE00A327F2 /* Release */ = {
			isa = XCBuildConfiguration;
			baseConfigurationReference = F5FF432C0194A145D5FD6DA8 /* Pods-GiphySearchClone.release.xcconfig */;
			buildSettings = {
				ASSETCATALOG_COMPILER_APPICON_NAME = AppIcon;
				ASSETCATALOG_COMPILER_GLOBAL_ACCENT_COLOR_NAME = AccentColor;
				CODE_SIGN_STYLE = Automatic;
				CURRENT_PROJECT_VERSION = 1;
				DEVELOPMENT_TEAM = 576SB3DYM5;
				GENERATE_INFOPLIST_FILE = YES;
				INFOPLIST_FILE = GiphySearchClone/Info.plist;
				INFOPLIST_KEY_UIApplicationSupportsIndirectInputEvents = YES;
				INFOPLIST_KEY_UILaunchStoryboardName = LaunchScreen;
				INFOPLIST_KEY_UIMainStoryboardFile = Main;
				INFOPLIST_KEY_UISupportedInterfaceOrientations = UIInterfaceOrientationPortrait;
				INFOPLIST_KEY_UISupportedInterfaceOrientations_iPad = "UIInterfaceOrientationPortrait UIInterfaceOrientationPortraitUpsideDown UIInterfaceOrientationLandscapeLeft UIInterfaceOrientationLandscapeRight";
				INFOPLIST_KEY_UISupportedInterfaceOrientations_iPhone = "UIInterfaceOrientationPortrait UIInterfaceOrientationLandscapeLeft UIInterfaceOrientationLandscapeRight";
				IPHONEOS_DEPLOYMENT_TARGET = 13.0;
				LD_RUNPATH_SEARCH_PATHS = (
					"$(inherited)",
					"@executable_path/Frameworks",
				);
				MARKETING_VERSION = 1.0;
				PRODUCT_BUNDLE_IDENTIFIER = shin.GiphySearchClone;
				PRODUCT_NAME = "$(TARGET_NAME)";
				SWIFT_EMIT_LOC_STRINGS = YES;
				SWIFT_VERSION = 5.0;
				TARGETED_DEVICE_FAMILY = "1,2";
			};
			name = Release;
		};
/* End XCBuildConfiguration section */

/* Begin XCConfigurationList section */
		B4EEA703285D93AD00A327F2 /* Build configuration list for PBXProject "GiphySearchClone" */ = {
			isa = XCConfigurationList;
			buildConfigurations = (
				B4EEA71A285D93AE00A327F2 /* Debug */,
				B4EEA71B285D93AE00A327F2 /* Release */,
			);
			defaultConfigurationIsVisible = 0;
			defaultConfigurationName = Release;
		};
		B4EEA71C285D93AE00A327F2 /* Build configuration list for PBXNativeTarget "GiphySearchClone" */ = {
			isa = XCConfigurationList;
			buildConfigurations = (
				B4EEA71D285D93AE00A327F2 /* Debug */,
				B4EEA71E285D93AE00A327F2 /* Release */,
			);
			defaultConfigurationIsVisible = 0;
			defaultConfigurationName = Release;
		};
/* End XCConfigurationList section */

/* Begin XCVersionGroup section */
		B475F4482860570500FE7AEF /* CoreData.xcdatamodeld */ = {
			isa = XCVersionGroup;
			children = (
				B475F4492860570500FE7AEF /* CoreData.xcdatamodel */,
			);
			currentVersion = B475F4492860570500FE7AEF /* CoreData.xcdatamodel */;
			path = CoreData.xcdatamodeld;
			sourceTree = "<group>";
			versionGroupType = wrapper.xcdatamodel;
		};
/* End XCVersionGroup section */
	};
	rootObject = B4EEA700285D93AD00A327F2 /* Project object */;
}
